# THIS IS AN AUTOGENERATED FILE. DO NOT EDIT THIS FILE DIRECTLY.
# yarn lockfile v1


ngx-spinner@^11.0.1:
  version "11.0.1"
  resolved "https://registry.yarnpkg.com/ngx-spinner/-/ngx-spinner-11.0.1.tgz#6a28953741e4954e61a5bafb6b59d6e35606e5b6"
  integrity sha512-fHCCxlF1kgEJqeKlgJDJdts/YLM3YH1qrBYcOiqo4b3dKZM1Vzv6yGMEekjsO1tETrmvvqOqsDH1gjJh3QVqjQ==
  dependencies:
    tslib "^2.0.0"

tslib@^2.0.0:
  version "2.2.0"
  resolved "https://registry.yarnpkg.com/tslib/-/tslib-2.2.0.tgz#fb2c475977e35e241311ede2693cee1ec6698f5c"
  integrity sha512-gS9GVHRU+RGn5KQM2rllAlR3dU6m7AcpJKdtH8gFvQiC4Otgk98XnmMU+nZenHt/+VhnBPWwgrJsyrdcw6i23w==
